
Microsoft Visual Studio Solution File, Format Version 12.00
# Visual Studio Version 17
VisualStudioVersion = 17.11.35327.3
MinimumVisualStudioVersion = 10.0.40219.1
Project("{FAE04EC0-301F-11D3-BF4B-00C04F79EFBC}") = "AreaOfFigure", "AreaOfFigure\AreaOfFigure.csproj", "{6FB60FBA-8106-46B1-BCEB-5C021993FC47}"
EndProject
Global
	GlobalSection(SolutionConfigurationPlatforms) = preSolution
		Debug|Any CPU = Debug|Any CPU
		Release|Any CPU = Release|Any CPU
	EndGlobalSection
	GlobalSection(ProjectConfigurationPlatforms) = postSolution
		{6FB60FBA-8106-46B1-BCEB-5C021993FC47}.Debug|Any CPU.ActiveCfg = Debug|Any CPU
		{6FB60FBA-8106-46B1-BCEB-5C021993FC47}.Debug|Any CPU.Build.0 = Debug|Any CPU
		{6FB60FBA-8106-46B1-BCEB-5C021993FC47}.Release|Any CPU.ActiveCfg = Release|Any CPU
		{6FB60FBA-8106-46B1-BCEB-5C021993FC47}.Release|Any CPU.Build.0 = Release|Any CPU
	EndGlobalSection
	GlobalSection(SolutionProperties) = preSolution
		HideSolutionNode = FALSE
	EndGlobalSection
	GlobalSection(ExtensibilityGlobals) = postSolution
		SolutionGuid = {F822247D-E6FE-4A72-8752-D0F43969FFC0}
	EndGlobalSection
EndGlobal
